{
  "nodes": {
    "agentd": {
      "inputs": {
        "flake-utils": "flake-utils",
        "nixpkgs": [
          "nixpkgs"
        ]
      },
      "locked": {
        "lastModified": 1778854733,
        "narHash": "sha256-XTtvRHFS2SKP9LmQIgEmpmx4K0+t1soWF3kMBT42OI4=",
        "owner": "papercomputeco",
        "repo": "agentd",
        "rev": "29d8b45d3f747bcda647eab9062bc3f6953b6606",
        "type": "github"
      },
      "original": {
        "owner": "papercomputeco",
        "repo": "agentd",
        "type": "github"
      }
    },
    "dagger": {
      "inputs": {
        "nixpkgs": [
          "nixpkgs"
        ]
      },
      "locked": {
        "lastModified": 1780108791,
        "narHash": "sha256-S9oJkLiePBqIxzBjfK0qjtCpbXv4sK1laeRrjTucxJs=",
        "owner": "dagger",
        "repo": "nix",
        "rev": "9674fc5c98870b7ea103b8fcd4f08bf46b40bbb6",
        "type": "github"
      },
      "original": {
        "owner": "dagger",
        "repo": "nix",
        "type": "github"
      }
    },
    "dagger_2": {
      "inputs": {
        "nixpkgs": [
          "stereosd",
          "nixpkgs"
        ]
      },
      "locked": {
        "lastModified": 1770335455,
        "narHash": "sha256-3+MXZ2A7WK6H5lfrdIMemYHhrmLNH9NvvJIQWeQk6EQ=",
        "owner": "dagger",
        "repo": "nix",
        "rev": "e236052a8312eee5b8358cbfcd3a57ee6ceb7765",
        "type": "github"
      },
      "original": {
        "owner": "dagger",
        "repo": "nix",
        "type": "github"
      }
    },
    "flake-parts": {
      "inputs": {
        "nixpkgs-lib": "nixpkgs-lib"
      },
      "locked": {
        "lastModified": 1778716662,
        "narHash": "sha256-m1Yf0wZ8j1OHjTc2UwHwyQRSnNeSgLJOd7q5Y45hzi4=",
        "owner": "hercules-ci",
        "repo": "flake-parts",
        "rev": "f7c1a2d347e4c52d5fb8d10cb4d94b5884e546fb",
        "type": "github"
      },
      "original": {
        "owner": "hercules-ci",
        "repo": "flake-parts",
        "type": "github"
      }
    },
    "flake-parts_2": {
      "inputs": {
        "nixpkgs-lib": [
          "stereosd",
          "skills",
          "flake-skills",
          "nixpkgs"
        ]
      },
      "locked": {
        "lastModified": 1769996383,
        "narHash": "sha256-AnYjnFWgS49RlqX7LrC4uA+sCCDBj0Ry/WOJ5XWAsa0=",
        "owner": "hercules-ci",
        "repo": "flake-parts",
        "rev": "57928607ea566b5db3ad13af0e57e921e6b12381",
        "type": "github"
      },
      "original": {
        "owner": "hercules-ci",
        "repo": "flake-parts",
        "type": "github"
      }
    },
    "flake-skills": {
      "inputs": {
        "flake-parts": "flake-parts_2",
        "nixpkgs": "nixpkgs_2"
      },
      "locked": {
        "lastModified": 1772144141,
        "narHash": "sha256-YZblb9N58JbAwsv8Uc75LBvw2JKs8Pb9qC4Eu42i5Kw=",
        "owner": "papercomputeco",
        "repo": "flake-skills",
        "rev": "4085b2b7289e7789c549a2bd4f86a83517ddc662",
        "type": "github"
      },
      "original": {
        "owner": "papercomputeco",
        "repo": "flake-skills",
        "type": "github"
      }
    },
    "flake-utils": {
      "inputs": {
        "systems": "systems"
      },
      "locked": {
        "lastModified": 1731533236,
        "narHash": "sha256-l0KFg5HjrsfsO/JpG+r7fRrqm12kzFHyUHqHCVpMMbI=",
        "owner": "numtide",
        "repo": "flake-utils",
        "rev": "11707dc2f618dd54ca8739b309ec4fc024de578b",
        "type": "github"
      },
      "original": {
        "owner": "numtide",
        "repo": "flake-utils",
        "type": "github"
      }
    },
    "flake-utils_2": {
      "inputs": {
        "systems": "systems_2"
      },
      "locked": {
        "lastModified": 1731533236,
        "narHash": "sha256-l0KFg5HjrsfsO/JpG+r7fRrqm12kzFHyUHqHCVpMMbI=",
        "owner": "numtide",
        "repo": "flake-utils",
        "rev": "11707dc2f618dd54ca8739b309ec4fc024de578b",
        "type": "github"
      },
      "original": {
        "owner": "numtide",
        "repo": "flake-utils",
        "type": "github"
      }
    },
    "nixpkgs": {
      "locked": {
        "lastModified": 1780203844,
        "narHash": "sha256-K5sT4jTpGs15ADhviMKNBH38REpPf5Q6mM1+N6cArVE=",
        "owner": "NixOS",
        "repo": "nixpkgs",
        "rev": "b51242d7d43689db2f3be91bd05d5b24fbb469c4",
        "type": "github"
      },
      "original": {
        "owner": "NixOS",
        "ref": "nixos-26.05",
        "repo": "nixpkgs",
        "type": "github"
      }
    },
    "nixpkgs-lib": {
      "locked": {
        "lastModified": 1777168982,
        "narHash": "sha256-GOkGPcboWE9BmGCRMLX3worL4EMnsnG8MyKmXNeYuhQ=",
        "owner": "nix-community",
        "repo": "nixpkgs.lib",
        "rev": "f5901329dade4a6ea039af1433fb087bd9c1fe14",
        "type": "github"
      },
      "original": {
        "owner": "nix-community",
        "repo": "nixpkgs.lib",
        "type": "github"
      }
    },
    "nixpkgs-unstable": {
      "locked": {
        "lastModified": 1780336545,
        "narHash": "sha256-vhVhuXzFrIOfcssC/9hDHx7MHzDKjF3keHuREOQqQiQ=",
        "owner": "NixOS",
        "repo": "nixpkgs",
        "rev": "4df1b885d76a54e1aa1a318f8d16fd6005b6401f",
        "type": "github"
      },
      "original": {
        "owner": "NixOS",
        "ref": "nixpkgs-unstable",
        "repo": "nixpkgs",
        "type": "github"
      }
    },
    "nixpkgs_2": {
      "locked": {
        "lastModified": 1771848320,
        "narHash": "sha256-0MAd+0mun3K/Ns8JATeHT1sX28faLII5hVLq0L3BdZU=",
        "owner": "NixOS",
        "repo": "nixpkgs",
        "rev": "2fc6539b481e1d2569f25f8799236694180c0993",
        "type": "github"
      },
      "original": {
        "owner": "NixOS",
        "ref": "nixos-unstable",
        "repo": "nixpkgs",
        "type": "github"
      }
    },
    "root": {
      "inputs": {
        "agentd": "agentd",
        "dagger": "dagger",
        "flake-parts": "flake-parts",
        "nixpkgs": "nixpkgs",
        "nixpkgs-unstable": "nixpkgs-unstable",
        "stereosd": "stereosd"
      }
    },
    "skills": {
      "inputs": {
        "flake-skills": "flake-skills",
        "nixpkgs": [
          "stereosd",
          "nixpkgs"
        ]
      },
      "locked": {
        "lastModified": 1772144395,
        "narHash": "sha256-VY/EkIEzWKeBsOwAB7UGezmhRMapJvCAdyD1xQ9E81w=",
        "owner": "papercomputeco",
        "repo": "skills",
        "rev": "5b9009796dbcc920f6d91be5071ae6a544cdefb4",
        "type": "github"
      },
      "original": {
        "owner": "papercomputeco",
        "repo": "skills",
        "type": "github"
      }
    },
    "stereosd": {
      "inputs": {
        "dagger": "dagger_2",
        "flake-utils": "flake-utils_2",
        "nixpkgs": [
          "nixpkgs"
        ],
        "skills": "skills"
      },
      "locked": {
        "lastModified": 1778854601,
        "narHash": "sha256-2tbMM6SMjEJC3aEwknFzF1h0g7s5h+tnCT0j6u3WuPc=",
        "owner": "papercomputeco",
        "repo": "stereosd",
        "rev": "466272bed57e4545a988f9874a6cdc4bd3ff1e34",
        "type": "github"
      },
      "original": {
        "owner": "papercomputeco",
        "repo": "stereosd",
        "type": "github"
      }
    },
    "systems": {
      "locked": {
        "lastModified": 1681028828,
        "narHash": "sha256-Vy1rq5AaRuLzOxct8nz4T6wlgyUR7zLU309k9mBC768=",
        "owner": "nix-systems",
        "repo": "default",
        "rev": "da67096a3b9bf56a91d16901293e51ba5b49a27e",
        "type": "github"
      },
      "original": {
        "owner": "nix-systems",
        "repo": "default",
        "type": "github"
      }
    },
    "systems_2": {
      "locked": {
        "lastModified": 1681028828,
        "narHash": "sha256-Vy1rq5AaRuLzOxct8nz4T6wlgyUR7zLU309k9mBC768=",
        "owner": "nix-systems",
        "repo": "default",
        "rev": "da67096a3b9bf56a91d16901293e51ba5b49a27e",
        "type": "github"
      },
      "original": {
        "owner": "nix-systems",
        "repo": "default",
        "type": "github"
      }
    }
  },
  "root": "root",
  "version": 7
}
